
Microsoft Visual Studio Solution File, Format Version 12.00
# Visual Studio Version 17
VisualStudioVersion = 17.4.33213.308
MinimumVisualStudioVersion = 10.0.40219.1
Project("{FAE04EC0-301F-11D3-BF4B-00C04F79EFBC}") = "InstantTransitions", "InstantTransitions\InstantTransitions.csproj", "{01F5B5DC-318F-46F8-AD4B-82AFDA538A27}"
EndProject
Project("{2150E333-8FDC-42A3-9474-1A3956D46DE8}") = "Solution Files", "Solution Files", "{0B5809C1-BF3C-4C25-86B0-1D91DE7189C1}"
	ProjectSection(SolutionItems) = preProject
		InstantTransitions\.gitignore = InstantTransitions\.gitignore
		.github\workflows\build.yml = .github\workflows\build.yml
		.github\dependabot.yml = .github\dependabot.yml
		README.md = README.md
	EndProjectSection
EndProject
Global
	GlobalSection(SolutionConfigurationPlatforms) = preSolution
		Debug|Any CPU = Debug|Any CPU
		Release|Any CPU = Release|Any CPU
	EndGlobalSection
	GlobalSection(ProjectConfigurationPlatforms) = postSolution
		{01F5B5DC-318F-46F8-AD4B-82AFDA538A27}.Debug|Any CPU.ActiveCfg = Debug|Any CPU
		{01F5B5DC-318F-46F8-AD4B-82AFDA538A27}.Debug|Any CPU.Build.0 = Debug|Any CPU
		{01F5B5DC-318F-46F8-AD4B-82AFDA538A27}.Release|Any CPU.ActiveCfg = Release|Any CPU
		{01F5B5DC-318F-46F8-AD4B-82AFDA538A27}.Release|Any CPU.Build.0 = Release|Any CPU
	EndGlobalSection
	GlobalSection(SolutionProperties) = preSolution
		HideSolutionNode = FALSE
	EndGlobalSection
	GlobalSection(ExtensibilityGlobals) = postSolution
		SolutionGuid = {75D6F0C6-8A72-4DB7-BA11-6BEB323742F6}
	EndGlobalSection
EndGlobal
